# This file is automatically @generated by Cargo.
# It is not intended for manual editing.
version = 4

[[package]]
name = "safa-abi"
version = "0.1.1"
source = "registry+https://github.com/rust-lang/crates.io-index"
checksum = "106573f044c3ae6fd884bbc7f6b9fe58a37fa1cbf1d8d18d75a3ad190da2d1ec"

[[package]]
name = "safa-api"
version = "0.1.6"
source = "registry+https://github.com/rust-lang/crates.io-index"
checksum = "27a08d057f1b114aced0e4b972527a7b813b2ae9eb0d0fbc6625d67a168e8e16"
dependencies = [
 "safa-abi",
]

[[package]]
name = "safa-test"
version = "0.1.0"
dependencies = [
 "safa-api",
]
