# This file is automatically @generated by Cargo.
# It is not intended for manual editing.
version = 4

[[package]]
name = "safa-abi"
version = "0.2.6"
source = "registry+https://github.com/rust-lang/crates.io-index"
checksum = "617b641b6bb77bea88fd0b0eec72d76297085c4d4649274ade76ff82a0972b75"

[[package]]
name = "safa-api"
version = "0.3.1"
source = "registry+https://github.com/rust-lang/crates.io-index"
checksum = "f761f038782581046242e25d938859f953a290d0e4c51490e2aaf61d1cf3c269"
dependencies = [
 "safa-abi",
]

[[package]]
name = "safa-tests"
version = "0.1.0"
dependencies = [
 "safa-api",
]
