# This file is automatically @generated by Cargo.
# It is not intended for manual editing.
version = 4

[[package]]
name = "safa-abi"
version = "0.6.0"
source = "git+https://github.com/SafaOS/safa-abi#ebc673e03122494f0ee50cc1810a7f80c9a58c78"

[[package]]
name = "safa-api"
version = "0.6.1"
source = "git+https://github.com/SafaOS/safa-api#957455c55d4da2c8fbb6df89c25e317532e99daf"
dependencies = [
 "safa-abi",
 "simpldns",
]

[[package]]
name = "safa-tests"
version = "0.1.0"
dependencies = [
 "safa-api",
]

[[package]]
name = "simpldns"
version = "0.1.0"
source = "git+https://github.com/safiworks/simpldns#58d381cda22c2f2a045776b966a12d2e0d3868b7"
